
Microsoft Visual Studio Solution File, Format Version 12.00
# Visual Studio Version 17
VisualStudioVersion = 17.8.34309.116
MinimumVisualStudioVersion = 10.0.40219.1
Project("{8BC9CEB8-8B4A-11D0-8D11-00A0C91BC942}") = "Semi2", "Semi2.vcxproj", "{EF3D7FA6-7D79-4BB1-949D-D1415DF03CAD}"
EndProject
Global
	GlobalSection(SolutionConfigurationPlatforms) = preSolution
		Debug|x64 = Debug|x64
		Debug|x86 = Debug|x86
		Release|x64 = Release|x64
		Release|x86 = Release|x86
	EndGlobalSection
	GlobalSection(ProjectConfigurationPlatforms) = postSolution
		{EF3D7FA6-7D79-4BB1-949D-D1415DF03CAD}.Debug|x64.ActiveCfg = Debug|x64
		{EF3D7FA6-7D79-4BB1-949D-D1415DF03CAD}.Debug|x64.Build.0 = Debug|x64
		{EF3D7FA6-7D79-4BB1-949D-D1415DF03CAD}.Debug|x86.ActiveCfg = Debug|Win32
		{EF3D7FA6-7D79-4BB1-949D-D1415DF03CAD}.Debug|x86.Build.0 = Debug|Win32
		{EF3D7FA6-7D79-4BB1-949D-D1415DF03CAD}.Release|x64.ActiveCfg = Release|x64
		{EF3D7FA6-7D79-4BB1-949D-D1415DF03CAD}.Release|x64.Build.0 = Release|x64
		{EF3D7FA6-7D79-4BB1-949D-D1415DF03CAD}.Release|x86.ActiveCfg = Release|Win32
		{EF3D7FA6-7D79-4BB1-949D-D1415DF03CAD}.Release|x86.Build.0 = Release|Win32
	EndGlobalSection
	GlobalSection(SolutionProperties) = preSolution
		HideSolutionNode = FALSE
	EndGlobalSection
	GlobalSection(ExtensibilityGlobals) = postSolution
		SolutionGuid = {E2099C7E-75F1-4FEF-8E67-1AAC71BC73E8}
	EndGlobalSection
EndGlobal
